// !$*UTF8*$!
{
	archiveVersion = 1;
	classes = {
	};
	objectVersion = 50;
	objects = {

/* Begin PBXBuildFile section */
		313C55B7E58A55DEB122E526 /* Pods_Kahve_FaliUITests.framework in Frameworks */ = {isa = PBXBuildFile; fileRef = 905F966BC98D957D765377D6 /* Pods_Kahve_FaliUITests.framework */; };
		893938270087BC46F1D8524C /* Pods_Kahve_FaliTests.framework in Frameworks */ = {isa = PBXBuildFile; fileRef = E574A2E73DF7797B45FA2329 /* Pods_Kahve_FaliTests.framework */; };
		EDC3D170109717C26D0BFACE /* Pods_Kahve_Fali.framework in Frameworks */ = {isa = PBXBuildFile; fileRef = 6AB9A086271243C8F35584F4 /* Pods_Kahve_Fali.framework */; };
		F189E16321AE0C6000DC567D /* AppDelegate.swift in Sources */ = {isa = PBXBuildFile; fileRef = F189E16221AE0C6000DC567D /* AppDelegate.swift */; };
		F189E16521AE0C6000DC567D /* LoginViewController.swift in Sources */ = {isa = PBXBuildFile; fileRef = F189E16421AE0C6000DC567D /* LoginViewController.swift */; };
		F189E16721AE0C6000DC567D /* MenuViewController.swift in Sources */ = {isa = PBXBuildFile; fileRef = F189E16621AE0C6000DC567D /* MenuViewController.swift */; };
		F189E16A21AE0C6000DC567D /* Main.storyboard in Resources */ = {isa = PBXBuildFile; fileRef = F189E16821AE0C6000DC567D /* Main.storyboard */; };
		F189E16C21AE0C6000DC567D /* Assets.xcassets in Resources */ = {isa = PBXBuildFile; fileRef = F189E16B21AE0C6000DC567D /* Assets.xcassets */; };
		F189E16F21AE0C6100DC567D /* LaunchScreen.storyboard in Resources */ = {isa = PBXBuildFile; fileRef = F189E16D21AE0C6100DC567D /* LaunchScreen.storyboard */; };
		F189E17A21AE0C6100DC567D /* Kahve_FaliTests.swift in Sources */ = {isa = PBXBuildFile; fileRef = F189E17921AE0C6100DC567D /* Kahve_FaliTests.swift */; };
		F189E18521AE0C6100DC567D /* Kahve_FaliUITests.swift in Sources */ = {isa = PBXBuildFile; fileRef = F189E18421AE0C6100DC567D /* Kahve_FaliUITests.swift */; };
		F189E19321AE309E00DC567D /* RegisterViewController.swift in Sources */ = {isa = PBXBuildFile; fileRef = F189E19221AE309E00DC567D /* RegisterViewController.swift */; };
		F189E19521AE358500DC567D /* SendOrderViewController.swift in Sources */ = {isa = PBXBuildFile; fileRef = F189E19421AE358500DC567D /* SendOrderViewController.swift */; };
		F189E19721AEDD7500DC567D /* MenuTableViewCell.swift in Sources */ = {isa = PBXBuildFile; fileRef = F189E19621AEDD7500DC567D /* MenuTableViewCell.swift */; };
		F189E19921AEE66000DC567D /* SubmitOrderTableViewController.swift in Sources */ = {isa = PBXBuildFile; fileRef = F189E19821AEE66000DC567D /* SubmitOrderTableViewController.swift */; };
		F189E19F21AEE6F400DC567D /* SubmitOrder1TableViewCell.swift in Sources */ = {isa = PBXBuildFile; fileRef = F189E19E21AEE6F400DC567D /* SubmitOrder1TableViewCell.swift */; };
		F189E1A121AEE6FE00DC567D /* SubmitOrder2TableViewCell.swift in Sources */ = {isa = PBXBuildFile; fileRef = F189E1A021AEE6FE00DC567D /* SubmitOrder2TableViewCell.swift */; };
		F189E1A321AEE70900DC567D /* SubmitOrder3TableViewCell.swift in Sources */ = {isa = PBXBuildFile; fileRef = F189E1A221AEE70900DC567D /* SubmitOrder3TableViewCell.swift */; };
		F189E1A521AEE71300DC567D /* SubmitOrder4TableViewCell.swift in Sources */ = {isa = PBXBuildFile; fileRef = F189E1A421AEE71200DC567D /* SubmitOrder4TableViewCell.swift */; };
		F189E1A721AEE72000DC567D /* SubmitOrder0TableViewCell.swift in Sources */ = {isa = PBXBuildFile; fileRef = F189E1A621AEE72000DC567D /* SubmitOrder0TableViewCell.swift */; };
		F189E1A921AEE90F00DC567D /* Order.swift in Sources */ = {isa = PBXBuildFile; fileRef = F189E1A821AEE90F00DC567D /* Order.swift */; };
		F1D0C00B21B054AA00754279 /* ReadOrderTableViewController.swift in Sources */ = {isa = PBXBuildFile; fileRef = F1D0C00A21B054AA00754279 /* ReadOrderTableViewController.swift */; };
		F1D0C00D21B054CA00754279 /* ReadOrderTableViewCell.swift in Sources */ = {isa = PBXBuildFile; fileRef = F1D0C00C21B054CA00754279 /* ReadOrderTableViewCell.swift */; };
		F1D0C01521B05AE500754279 /* ReadOrderDetailTableViewController.swift in Sources */ = {isa = PBXBuildFile; fileRef = F1D0C01421B05AE500754279 /* ReadOrderDetailTableViewController.swift */; };
		F1D0C01721B05AFD00754279 /* ReadOrderDetailTableViewCell.swift in Sources */ = {isa = PBXBuildFile; fileRef = F1D0C01621B05AFD00754279 /* ReadOrderDetailTableViewCell.swift */; };
		F1D0C01921B05B2000754279 /* ReadOrderDetailCloseTableViewCell.swift in Sources */ = {isa = PBXBuildFile; fileRef = F1D0C01821B05B2000754279 /* ReadOrderDetailCloseTableViewCell.swift */; };
/* End PBXBuildFile section */

/* Begin PBXContainerItemProxy section */
		F189E17621AE0C6100DC567D /* PBXContainerItemProxy */ = {
			isa = PBXContainerItemProxy;
			containerPortal = F189E15721AE0C6000DC567D /* Project object */;
			proxyType = 1;
			remoteGlobalIDString = F189E15E21AE0C6000DC567D;
			remoteInfo = "Kahve Fali";
		};
		F189E18121AE0C6100DC567D /* PBXContainerItemProxy */ = {
			isa = PBXContainerItemProxy;
			containerPortal = F189E15721AE0C6000DC567D /* Project object */;
			proxyType = 1;
			remoteGlobalIDString = F189E15E21AE0C6000DC567D;
			remoteInfo = "Kahve Fali";
		};
/* End PBXContainerItemProxy section */

/* Begin PBXCopyFilesBuildPhase section */
		F189E1BA21AF444500DC567D /* Embed App Extensions */ = {
			isa = PBXCopyFilesBuildPhase;
			buildActionMask = 2147483647;
			dstPath = "";
			dstSubfolderSpec = 13;
			files = (
			);
			name = "Embed App Extensions";
			runOnlyForDeploymentPostprocessing = 0;
		};
/* End PBXCopyFilesBuildPhase section */

/* Begin PBXFileReference section */
		2343D9AC837C44B5686D66E4 /* Pods-Kahve FaliTests.debug.xcconfig */ = {isa = PBXFileReference; includeInIndex = 1; lastKnownFileType = text.xcconfig; name = "Pods-Kahve FaliTests.debug.xcconfig"; path = "Pods/Target Support Files/Pods-Kahve FaliTests/Pods-Kahve FaliTests.debug.xcconfig"; sourceTree = "<group>"; };
		272D4F47BF61DBC182A33FD2 /* Pods-Kahve FaliUITests.release.xcconfig */ = {isa = PBXFileReference; includeInIndex = 1; lastKnownFileType = text.xcconfig; name = "Pods-Kahve FaliUITests.release.xcconfig"; path = "Pods/Target Support Files/Pods-Kahve FaliUITests/Pods-Kahve FaliUITests.release.xcconfig"; sourceTree = "<group>"; };
		33E68B82FFC97565DCC17219 /* Pods-Kahve Fali.debug.xcconfig */ = {isa = PBXFileReference; includeInIndex = 1; lastKnownFileType = text.xcconfig; name = "Pods-Kahve Fali.debug.xcconfig"; path = "Pods/Target Support Files/Pods-Kahve Fali/Pods-Kahve Fali.debug.xcconfig"; sourceTree = "<group>"; };
		6AB9A086271243C8F35584F4 /* Pods_Kahve_Fali.framework */ = {isa = PBXFileReference; explicitFileType = wrapper.framework; includeInIndex = 0; path = Pods_Kahve_Fali.framework; sourceTree = BUILT_PRODUCTS_DIR; };
		905F966BC98D957D765377D6 /* Pods_Kahve_FaliUITests.framework */ = {isa = PBXFileReference; explicitFileType = wrapper.framework; includeInIndex = 0; path = Pods_Kahve_FaliUITests.framework; sourceTree = BUILT_PRODUCTS_DIR; };
		950C89304270E8E640268E8F /* Pods_Kahve_Fali_OneSignalNotificationServiceExtension.framework */ = {isa = PBXFileReference; explicitFileType = wrapper.framework; includeInIndex = 0; path = Pods_Kahve_Fali_OneSignalNotificationServiceExtension.framework; sourceTree = BUILT_PRODUCTS_DIR; };
		96F274933932E857892361B3 /* Pods-Kahve FaliUITests.debug.xcconfig */ = {isa = PBXFileReference; includeInIndex = 1; lastKnownFileType = text.xcconfig; name = "Pods-Kahve FaliUITests.debug.xcconfig"; path = "Pods/Target Support Files/Pods-Kahve FaliUITests/Pods-Kahve FaliUITests.debug.xcconfig"; sourceTree = "<group>"; };
		CB0CD811E23E5A940FB0AA71 /* Pods-Kahve FaliTests.release.xcconfig */ = {isa = PBXFileReference; includeInIndex = 1; lastKnownFileType = text.xcconfig; name = "Pods-Kahve FaliTests.release.xcconfig"; path = "Pods/Target Support Files/Pods-Kahve FaliTests/Pods-Kahve FaliTests.release.xcconfig"; sourceTree = "<group>"; };
		DC2078FE4C86AA5FD697B428 /* Pods-Kahve Fali.release.xcconfig */ = {isa = PBXFileReference; includeInIndex = 1; lastKnownFileType = text.xcconfig; name = "Pods-Kahve Fali.release.xcconfig"; path = "Pods/Target Support Files/Pods-Kahve Fali/Pods-Kahve Fali.release.xcconfig"; sourceTree = "<group>"; };
		E574A2E73DF7797B45FA2329 /* Pods_Kahve_FaliTests.framework */ = {isa = PBXFileReference; explicitFileType = wrapper.framework; includeInIndex = 0; path = Pods_Kahve_FaliTests.framework; sourceTree = BUILT_PRODUCTS_DIR; };
		F189E15F21AE0C6000DC567D /* Kahve Fali.app */ = {isa = PBXFileReference; explicitFileType = wrapper.application; includeInIndex = 0; path = "Kahve Fali.app"; sourceTree = BUILT_PRODUCTS_DIR; };
		F189E16221AE0C6000DC567D /* AppDelegate.swift */ = {isa = PBXFileReference; lastKnownFileType = sourcecode.swift; path = AppDelegate.swift; sourceTree = "<group>"; };
		F189E16421AE0C6000DC567D /* LoginViewController.swift */ = {isa = PBXFileReference; lastKnownFileType = sourcecode.swift; path = LoginViewController.swift; sourceTree = "<group>"; };
		F189E16621AE0C6000DC567D /* MenuViewController.swift */ = {isa = PBXFileReference; lastKnownFileType = sourcecode.swift; path = MenuViewController.swift; sourceTree = "<group>"; };
		F189E16921AE0C6000DC567D /* Base */ = {isa = PBXFileReference; lastKnownFileType = file.storyboard; name = Base; path = Base.lproj/Main.storyboard; sourceTree = "<group>"; };
		F189E16B21AE0C6000DC567D /* Assets.xcassets */ = {isa = PBXFileReference; lastKnownFileType = folder.assetcatalog; path = Assets.xcassets; sourceTree = "<group>"; };
		F189E16E21AE0C6100DC567D /* Base */ = {isa = PBXFileReference; lastKnownFileType = file.storyboard; name = Base; path = Base.lproj/LaunchScreen.storyboard; sourceTree = "<group>"; };
		F189E17021AE0C6100DC567D /* Info.plist */ = {isa = PBXFileReference; lastKnownFileType = text.plist.xml; path = Info.plist; sourceTree = "<group>"; };
		F189E17521AE0C6100DC567D /* Kahve FaliTests.xctest */ = {isa = PBXFileReference; explicitFileType = wrapper.cfbundle; includeInIndex = 0; path = "Kahve FaliTests.xctest"; sourceTree = BUILT_PRODUCTS_DIR; };
		F189E17921AE0C6100DC567D /* Kahve_FaliTests.swift */ = {isa = PBXFileReference; lastKnownFileType = sourcecode.swift; path = Kahve_FaliTests.swift; sourceTree = "<group>"; };
		F189E17B21AE0C6100DC567D /* Info.plist */ = {isa = PBXFileReference; lastKnownFileType = text.plist.xml; path = Info.plist; sourceTree = "<group>"; };
		F189E18021AE0C6100DC567D /* Kahve FaliUITests.xctest */ = {isa = PBXFileReference; explicitFileType = wrapper.cfbundle; includeInIndex = 0; path = "Kahve FaliUITests.xctest"; sourceTree = BUILT_PRODUCTS_DIR; };
		F189E18421AE0C6100DC567D /* Kahve_FaliUITests.swift */ = {isa = PBXFileReference; lastKnownFileType = sourcecode.swift; path = Kahve_FaliUITests.swift; sourceTree = "<group>"; };
		F189E18621AE0C6100DC567D /* Info.plist */ = {isa = PBXFileReference; lastKnownFileType = text.plist.xml; path = Info.plist; sourceTree = "<group>"; };
		F189E19221AE309E00DC567D /* RegisterViewController.swift */ = {isa = PBXFileReference; lastKnownFileType = sourcecode.swift; path = RegisterViewController.swift; sourceTree = "<group>"; };
		F189E19421AE358500DC567D /* SendOrderViewController.swift */ = {isa = PBXFileReference; lastKnownFileType = sourcecode.swift; path = SendOrderViewController.swift; sourceTree = "<group>"; };
		F189E19621AEDD7500DC567D /* MenuTableViewCell.swift */ = {isa = PBXFileReference; lastKnownFileType = sourcecode.swift; path = MenuTableViewCell.swift; sourceTree = "<group>"; };
		F189E19821AEE66000DC567D /* SubmitOrderTableViewController.swift */ = {isa = PBXFileReference; lastKnownFileType = sourcecode.swift; path = SubmitOrderTableViewController.swift; sourceTree = "<group>"; };
		F189E19E21AEE6F400DC567D /* SubmitOrder1TableViewCell.swift */ = {isa = PBXFileReference; lastKnownFileType = sourcecode.swift; path = SubmitOrder1TableViewCell.swift; sourceTree = "<group>"; };
		F189E1A021AEE6FE00DC567D /* SubmitOrder2TableViewCell.swift */ = {isa = PBXFileReference; lastKnownFileType = sourcecode.swift; path = SubmitOrder2TableViewCell.swift; sourceTree = "<group>"; };
		F189E1A221AEE70900DC567D /* SubmitOrder3TableViewCell.swift */ = {isa = PBXFileReference; lastKnownFileType = sourcecode.swift; path = SubmitOrder3TableViewCell.swift; sourceTree = "<group>"; };
		F189E1A421AEE71200DC567D /* SubmitOrder4TableViewCell.swift */ = {isa = PBXFileReference; lastKnownFileType = sourcecode.swift; path = SubmitOrder4TableViewCell.swift; sourceTree = "<group>"; };
		F189E1A621AEE72000DC567D /* SubmitOrder0TableViewCell.swift */ = {isa = PBXFileReference; lastKnownFileType = sourcecode.swift; path = SubmitOrder0TableViewCell.swift; sourceTree = "<group>"; };
		F189E1A821AEE90F00DC567D /* Order.swift */ = {isa = PBXFileReference; lastKnownFileType = sourcecode.swift; path = Order.swift; sourceTree = "<group>"; };
		F189E1B121AF444500DC567D /* NotificationService.swift */ = {isa = PBXFileReference; lastKnownFileType = sourcecode.swift; path = NotificationService.swift; sourceTree = "<group>"; };
		F189E1B321AF444500DC567D /* Info.plist */ = {isa = PBXFileReference; lastKnownFileType = text.plist.xml; path = Info.plist; sourceTree = "<group>"; };
		F189E1BB21AF44DA00DC567D /* Kahve Fali.entitlements */ = {isa = PBXFileReference; lastKnownFileType = text.plist.entitlements; path = "Kahve Fali.entitlements"; sourceTree = "<group>"; };
		F1D0C00A21B054AA00754279 /* ReadOrderTableViewController.swift */ = {isa = PBXFileReference; lastKnownFileType = sourcecode.swift; path = ReadOrderTableViewController.swift; sourceTree = "<group>"; };
		F1D0C00C21B054CA00754279 /* ReadOrderTableViewCell.swift */ = {isa = PBXFileReference; lastKnownFileType = sourcecode.swift; path = ReadOrderTableViewCell.swift; sourceTree = "<group>"; };
		F1D0C01421B05AE500754279 /* ReadOrderDetailTableViewController.swift */ = {isa = PBXFileReference; lastKnownFileType = sourcecode.swift; path = ReadOrderDetailTableViewController.swift; sourceTree = "<group>"; };
		F1D0C01621B05AFD00754279 /* ReadOrderDetailTableViewCell.swift */ = {isa = PBXFileReference; fileEncoding = 4; lastKnownFileType = sourcecode.swift; path = ReadOrderDetailTableViewCell.swift; sourceTree = "<group>"; };
		F1D0C01821B05B2000754279 /* ReadOrderDetailCloseTableViewCell.swift */ = {isa = PBXFileReference; lastKnownFileType = sourcecode.swift; path = ReadOrderDetailCloseTableViewCell.swift; sourceTree = "<group>"; };
/* End PBXFileReference section */

/* Begin PBXFrameworksBuildPhase section */
		F189E15C21AE0C6000DC567D /* Frameworks */ = {
			isa = PBXFrameworksBuildPhase;
			buildActionMask = 2147483647;
			files = (
				EDC3D170109717C26D0BFACE /* Pods_Kahve_Fali.framework in Frameworks */,
			);
			runOnlyForDeploymentPostprocessing = 0;
		};
		F189E17221AE0C6100DC567D /* Frameworks */ = {
			isa = PBXFrameworksBuildPhase;
			buildActionMask = 2147483647;
			files = (
				893938270087BC46F1D8524C /* Pods_Kahve_FaliTests.framework in Frameworks */,
			);
			runOnlyForDeploymentPostprocessing = 0;
		};
		F189E17D21AE0C6100DC567D /* Frameworks */ = {
			isa = PBXFrameworksBuildPhase;
			buildActionMask = 2147483647;
			files = (
				313C55B7E58A55DEB122E526 /* Pods_Kahve_FaliUITests.framework in Frameworks */,
			);
			runOnlyForDeploymentPostprocessing = 0;
		};
/* End PBXFrameworksBuildPhase section */

/* Begin PBXGroup section */
		7E39BC78B5BB9FC74FBB987D /* Frameworks */ = {
			isa = PBXGroup;
			children = (
				6AB9A086271243C8F35584F4 /* Pods_Kahve_Fali.framework */,
				E574A2E73DF7797B45FA2329 /* Pods_Kahve_FaliTests.framework */,
				905F966BC98D957D765377D6 /* Pods_Kahve_FaliUITests.framework */,
				950C89304270E8E640268E8F /* Pods_Kahve_Fali_OneSignalNotificationServiceExtension.framework */,
			);
			name = Frameworks;
			sourceTree = "<group>";
		};
		8AA15373A1F23B7053EABB47 /* Pods */ = {
			isa = PBXGroup;
			children = (
				33E68B82FFC97565DCC17219 /* Pods-Kahve Fali.debug.xcconfig */,
				DC2078FE4C86AA5FD697B428 /* Pods-Kahve Fali.release.xcconfig */,
				2343D9AC837C44B5686D66E4 /* Pods-Kahve FaliTests.debug.xcconfig */,
				CB0CD811E23E5A940FB0AA71 /* Pods-Kahve FaliTests.release.xcconfig */,
				96F274933932E857892361B3 /* Pods-Kahve FaliUITests.debug.xcconfig */,
				272D4F47BF61DBC182A33FD2 /* Pods-Kahve FaliUITests.release.xcconfig */,
			);
			name = Pods;
			sourceTree = "<group>";
		};
		F189E15621AE0C6000DC567D = {
			isa = PBXGroup;
			children = (
				F189E16121AE0C6000DC567D /* Kahve Fali */,
				F189E17821AE0C6100DC567D /* Kahve FaliTests */,
				F189E18321AE0C6100DC567D /* Kahve FaliUITests */,
				F189E1B021AF444500DC567D /* OneSignalNotificationServiceExtension */,
				F189E16021AE0C6000DC567D /* Products */,
				8AA15373A1F23B7053EABB47 /* Pods */,
				7E39BC78B5BB9FC74FBB987D /* Frameworks */,
			);
			sourceTree = "<group>";
		};
		F189E16021AE0C6000DC567D /* Products */ = {
			isa = PBXGroup;
			children = (
				F189E15F21AE0C6000DC567D /* Kahve Fali.app */,
				F189E17521AE0C6100DC567D /* Kahve FaliTests.xctest */,
				F189E18021AE0C6100DC567D /* Kahve FaliUITests.xctest */,
			);
			name = Products;
			sourceTree = "<group>";
		};
		F189E16121AE0C6000DC567D /* Kahve Fali */ = {
			isa = PBXGroup;
			children = (
				F189E1BB21AF44DA00DC567D /* Kahve Fali.entitlements */,
				F189E16221AE0C6000DC567D /* AppDelegate.swift */,
				F189E19B21AEE6B200DC567D /* Register */,
				F189E19C21AEE6C900DC567D /* SendOrder */,
				F189E19A21AEE6A200DC567D /* Menu */,
				F189E19D21AEE6D300DC567D /* SubmitOrder */,
				F189E16821AE0C6000DC567D /* Main.storyboard */,
				F1D0C01321B05AA100754279 /* Read Order Detail */,
				F1D0C00E21B05A7500754279 /* Read Order */,
				F189E1AA21AEEB8400DC567D /* Models */,
				F189E16B21AE0C6000DC567D /* Assets.xcassets */,
				F189E16D21AE0C6100DC567D /* LaunchScreen.storyboard */,
				F189E17021AE0C6100DC567D /* Info.plist */,
			);
			path = "Kahve Fali";
			sourceTree = "<group>";
		};
		F189E17821AE0C6100DC567D /* Kahve FaliTests */ = {
			isa = PBXGroup;
			children = (
				F189E17921AE0C6100DC567D /* Kahve_FaliTests.swift */,
				F189E17B21AE0C6100DC567D /* Info.plist */,
			);
			path = "Kahve FaliTests";
			sourceTree = "<group>";
		};
		F189E18321AE0C6100DC567D /* Kahve FaliUITests */ = {
			isa = PBXGroup;
			children = (
				F189E18421AE0C6100DC567D /* Kahve_FaliUITests.swift */,
				F189E18621AE0C6100DC567D /* Info.plist */,
			);
			path = "Kahve FaliUITests";
			sourceTree = "<group>";
		};
		F189E19A21AEE6A200DC567D /* Menu */ = {
			isa = PBXGroup;
			children = (
				F189E16621AE0C6000DC567D /* MenuViewController.swift */,
				F189E19621AEDD7500DC567D /* MenuTableViewCell.swift */,
			);
			path = Menu;
			sourceTree = "<group>";
		};
		F189E19B21AEE6B200DC567D /* Register */ = {
			isa = PBXGroup;
			children = (
				F189E16421AE0C6000DC567D /* LoginViewController.swift */,
				F189E19221AE309E00DC567D /* RegisterViewController.swift */,
			);
			path = Register;
			sourceTree = "<group>";
		};
		F189E19C21AEE6C900DC567D /* SendOrder */ = {
			isa = PBXGroup;
			children = (
				F189E19421AE358500DC567D /* SendOrderViewController.swift */,
			);
			path = SendOrder;
			sourceTree = "<group>";
		};
		F189E19D21AEE6D300DC567D /* SubmitOrder */ = {
			isa = PBXGroup;
			children = (
				F189E19821AEE66000DC567D /* SubmitOrderTableViewController.swift */,
				F189E1A621AEE72000DC567D /* SubmitOrder0TableViewCell.swift */,
				F189E19E21AEE6F400DC567D /* SubmitOrder1TableViewCell.swift */,
				F189E1A021AEE6FE00DC567D /* SubmitOrder2TableViewCell.swift */,
				F189E1A221AEE70900DC567D /* SubmitOrder3TableViewCell.swift */,
				F189E1A421AEE71200DC567D /* SubmitOrder4TableViewCell.swift */,
			);
			path = SubmitOrder;
			sourceTree = "<group>";
		};
		F189E1AA21AEEB8400DC567D /* Models */ = {
			isa = PBXGroup;
			children = (
				F189E1A821AEE90F00DC567D /* Order.swift */,
			);
			path = Models;
			sourceTree = "<group>";
		};
		F189E1B021AF444500DC567D /* OneSignalNotificationServiceExtension */ = {
			isa = PBXGroup;
			children = (
				F189E1B121AF444500DC567D /* NotificationService.swift */,
				F189E1B321AF444500DC567D /* Info.plist */,
			);
			path = OneSignalNotificationServiceExtension;
			sourceTree = "<group>";
		};
		F1D0C00E21B05A7500754279 /* Read Order */ = {
			isa = PBXGroup;
			children = (
				F1D0C00A21B054AA00754279 /* ReadOrderTableViewController.swift */,
				F1D0C00C21B054CA00754279 /* ReadOrderTableViewCell.swift */,
			);
			path = "Read Order";
			sourceTree = "<group>";
		};
		F1D0C01321B05AA100754279 /* Read Order Detail */ = {
			isa = PBXGroup;
			children = (
				F1D0C01621B05AFD00754279 /* ReadOrderDetailTableViewCell.swift */,
				F1D0C01821B05B2000754279 /* ReadOrderDetailCloseTableViewCell.swift */,
				F1D0C01421B05AE500754279 /* ReadOrderDetailTableViewController.swift */,
			);
			path = "Read Order Detail";
			sourceTree = "<group>";
		};
/* End PBXGroup section */

/* Begin PBXNativeTarget section */
		F189E15E21AE0C6000DC567D /* Kahve Fali */ = {
			isa = PBXNativeTarget;
			buildConfigurationList = F189E18921AE0C6100DC567D /* Build configuration list for PBXNativeTarget "Kahve Fali" */;
			buildPhases = (
				4B9A0FC7238EC2924CC6D695 /* [CP] Check Pods Manifest.lock */,
				F189E15B21AE0C6000DC567D /* Sources */,
				F189E15C21AE0C6000DC567D /* Frameworks */,
				F189E15D21AE0C6000DC567D /* Resources */,
				7DAFE163EBB2B5EF278A022F /* [CP] Embed Pods Frameworks */,
				F189E1BA21AF444500DC567D /* Embed App Extensions */,
			);
			buildRules = (
			);
			dependencies = (
			);
			name = "Kahve Fali";
			productName = "Kahve Fali";
			productReference = F189E15F21AE0C6000DC567D /* Kahve Fali.app */;
			productType = "com.apple.product-type.application";
		};
		F189E17421AE0C6100DC567D /* Kahve FaliTests */ = {
			isa = PBXNativeTarget;
			buildConfigurationList = F189E18C21AE0C6100DC567D /* Build configuration list for PBXNativeTarget "Kahve FaliTests" */;
			buildPhases = (
				A2E689A0DC7A8124CF865192 /* [CP] Check Pods Manifest.lock */,
				F189E17121AE0C6100DC567D /* Sources */,
				F189E17221AE0C6100DC567D /* Frameworks */,
				F189E17321AE0C6100DC567D /* Resources */,
			);
			buildRules = (
			);
			dependencies = (
				F189E17721AE0C6100DC567D /* PBXTargetDependency */,
			);
			name = "Kahve FaliTests";
			productName = "Kahve FaliTests";
			productReference = F189E17521AE0C6100DC567D /* Kahve FaliTests.xctest */;
			productType = "com.apple.product-type.bundle.unit-test";
		};
		F189E17F21AE0C6100DC567D /* Kahve FaliUITests */ = {
			isa = PBXNativeTarget;
			buildConfigurationList = F189E18F21AE0C6100DC567D /* Build configuration list for PBXNativeTarget "Kahve FaliUITests" */;
			buildPhases = (
				E2D425A3B8023080BBC70893 /* [CP] Check Pods Manifest.lock */,
				F189E17C21AE0C6100DC567D /* Sources */,
				F189E17D21AE0C6100DC567D /* Frameworks */,
				F189E17E21AE0C6100DC567D /* Resources */,
			);
			buildRules = (
			);
			dependencies = (
				F189E18221AE0C6100DC567D /* PBXTargetDependency */,
			);
			name = "Kahve FaliUITests";
			productName = "Kahve FaliUITests";
			productReference = F189E18021AE0C6100DC567D /* Kahve FaliUITests.xctest */;
			productType = "com.apple.product-type.bundle.ui-testing";
		};
/* End PBXNativeTarget section */

/* Begin PBXProject section */
		F189E15721AE0C6000DC567D /* Project object */ = {
			isa = PBXProject;
			attributes = {
				LastSwiftUpdateCheck = 1000;
				LastUpgradeCheck = 1000;
				ORGANIZATIONNAME = ycankasal;
				TargetAttributes = {
					F189E15E21AE0C6000DC567D = {
						CreatedOnToolsVersion = 10.0;
						SystemCapabilities = {
							com.apple.BackgroundModes = {
								enabled = 1;
							};
							com.apple.Push = {
								enabled = 1;
							};
						};
					};
					F189E17421AE0C6100DC567D = {
						CreatedOnToolsVersion = 10.0;
						TestTargetID = F189E15E21AE0C6000DC567D;
					};
					F189E17F21AE0C6100DC567D = {
						CreatedOnToolsVersion = 10.0;
						TestTargetID = F189E15E21AE0C6000DC567D;
					};
				};
			};
			buildConfigurationList = F189E15A21AE0C6000DC567D /* Build configuration list for PBXProject "Kahve Fali" */;
			compatibilityVersion = "Xcode 9.3";
			developmentRegion = en;
			hasScannedForEncodings = 0;
			knownRegions = (
				en,
				Base,
			);
			mainGroup = F189E15621AE0C6000DC567D;
			productRefGroup = F189E16021AE0C6000DC567D /* Products */;
			projectDirPath = "";
			projectRoot = "";
			targets = (
				F189E15E21AE0C6000DC567D /* Kahve Fali */,
				F189E17421AE0C6100DC567D /* Kahve FaliTests */,
				F189E17F21AE0C6100DC567D /* Kahve FaliUITests */,
			);
		};
/* End PBXProject section */

/* Begin PBXResourcesBuildPhase section */
		F189E15D21AE0C6000DC567D /* Resources */ = {
			isa = PBXResourcesBuildPhase;
			buildActionMask = 2147483647;
			files = (
				F189E16F21AE0C6100DC567D /* LaunchScreen.storyboard in Resources */,
				F189E16C21AE0C6000DC567D /* Assets.xcassets in Resources */,
				F189E16A21AE0C6000DC567D /* Main.storyboard in Resources */,
			);
			runOnlyForDeploymentPostprocessing = 0;
		};
		F189E17321AE0C6100DC567D /* Resources */ = {
			isa = PBXResourcesBuildPhase;
			buildActionMask = 2147483647;
			files = (
			);
			runOnlyForDeploymentPostprocessing = 0;
		};
		F189E17E21AE0C6100DC567D /* Resources */ = {
			isa = PBXResourcesBuildPhase;
			buildActionMask = 2147483647;
			files = (
			);
			runOnlyForDeploymentPostprocessing = 0;
		};
/* End PBXResourcesBuildPhase section */

/* Begin PBXShellScriptBuildPhase section */
		4B9A0FC7238EC2924CC6D695 /* [CP] Check Pods Manifest.lock */ = {
			isa = PBXShellScriptBuildPhase;
			buildActionMask = 2147483647;
			files = (
			);
			inputFileListPaths = (
			);
			inputPaths = (
				"${PODS_PODFILE_DIR_PATH}/Podfile.lock",
				"${PODS_ROOT}/Manifest.lock",
			);
			name = "[CP] Check Pods Manifest.lock";
			outputFileListPaths = (
			);
			outputPaths = (
				"$(DERIVED_FILE_DIR)/Pods-Kahve Fali-checkManifestLockResult.txt",
			);
			runOnlyForDeploymentPostprocessing = 0;
			shellPath = /bin/sh;
			shellScript = "diff \"${PODS_PODFILE_DIR_PATH}/Podfile.lock\" \"${PODS_ROOT}/Manifest.lock\" > /dev/null\nif [ $? != 0 ] ; then\n    # print error to STDERR\n    echo \"error: The sandbox is not in sync with the Podfile.lock. Run 'pod install' or update your CocoaPods installation.\" >&2\n    exit 1\nfi\n# This output is used by Xcode 'outputs' to avoid re-running this script phase.\necho \"SUCCESS\" > \"${SCRIPT_OUTPUT_FILE_0}\"\n";
			showEnvVarsInLog = 0;
		};
		7DAFE163EBB2B5EF278A022F /* [CP] Embed Pods Frameworks */ = {
			isa = PBXShellScriptBuildPhase;
			buildActionMask = 2147483647;
			files = (
			);
			inputFileListPaths = (
			);
			inputPaths = (
				"${SRCROOT}/Pods/Target Support Files/Pods-Kahve Fali/Pods-Kahve Fali-frameworks.sh",
				"${BUILT_PRODUCTS_DIR}/ALCameraViewController/ALCameraViewController.framework",
				"${BUILT_PRODUCTS_DIR}/ActionSheetPicker-3.0/ActionSheetPicker_3_0.framework",
				"${BUILT_PRODUCTS_DIR}/Bolts/Bolts.framework",
				"${BUILT_PRODUCTS_DIR}/FBSDKCoreKit/FBSDKCoreKit.framework",
				"${BUILT_PRODUCTS_DIR}/FBSDKLoginKit/FBSDKLoginKit.framework",
				"${BUILT_PRODUCTS_DIR}/MBProgressHUD/MBProgressHUD.framework",
				"${BUILT_PRODUCTS_DIR}/Parse/Parse.framework",
				"${BUILT_PRODUCTS_DIR}/SCLAlertView/SCLAlertView.framework",
				"${BUILT_PRODUCTS_DIR}/UIScrollView-InfiniteScroll/UIScrollView_InfiniteScroll.framework",
			);
			name = "[CP] Embed Pods Frameworks";
			outputFileListPaths = (
			);
			outputPaths = (
				"${TARGET_BUILD_DIR}/${FRAMEWORKS_FOLDER_PATH}/ALCameraViewController.framework",
				"${TARGET_BUILD_DIR}/${FRAMEWORKS_FOLDER_PATH}/ActionSheetPicker_3_0.framework",
				"${TARGET_BUILD_DIR}/${FRAMEWORKS_FOLDER_PATH}/Bolts.framework",
				"${TARGET_BUILD_DIR}/${FRAMEWORKS_FOLDER_PATH}/FBSDKCoreKit.framework",
				"${TARGET_BUILD_DIR}/${FRAMEWORKS_FOLDER_PATH}/FBSDKLoginKit.framework",
				"${TARGET_BUILD_DIR}/${FRAMEWORKS_FOLDER_PATH}/MBProgressHUD.framework",
				"${TARGET_BUILD_DIR}/${FRAMEWORKS_FOLDER_PATH}/Parse.framework",
				"${TARGET_BUILD_DIR}/${FRAMEWORKS_FOLDER_PATH}/SCLAlertView.framework",
				"${TARGET_BUILD_DIR}/${FRAMEWORKS_FOLDER_PATH}/UIScrollView_InfiniteScroll.framework",
			);
			runOnlyForDeploymentPostprocessing = 0;
			shellPath = /bin/sh;
			shellScript = "\"${SRCROOT}/Pods/Target Support Files/Pods-Kahve Fali/Pods-Kahve Fali-frameworks.sh\"\n";
			showEnvVarsInLog = 0;
		};
		A2E689A0DC7A8124CF865192 /* [CP] Check Pods Manifest.lock */ = {
			isa = PBXShellScriptBuildPhase;
			buildActionMask = 2147483647;
			files = (
			);
			inputFileListPaths = (
			);
			inputPaths = (
				"${PODS_PODFILE_DIR_PATH}/Podfile.lock",
				"${PODS_ROOT}/Manifest.lock",
			);
			name = "[CP] Check Pods Manifest.lock";
			outputFileListPaths = (
			);
			outputPaths = (
				"$(DERIVED_FILE_DIR)/Pods-Kahve FaliTests-checkManifestLockResult.txt",
			);
			runOnlyForDeploymentPostprocessing = 0;
			shellPath = /bin/sh;
			shellScript = "diff \"${PODS_PODFILE_DIR_PATH}/Podfile.lock\" \"${PODS_ROOT}/Manifest.lock\" > /dev/null\nif [ $? != 0 ] ; then\n    # print error to STDERR\n    echo \"error: The sandbox is not in sync with the Podfile.lock. Run 'pod install' or update your CocoaPods installation.\" >&2\n    exit 1\nfi\n# This output is used by Xcode 'outputs' to avoid re-running this script phase.\necho \"SUCCESS\" > \"${SCRIPT_OUTPUT_FILE_0}\"\n";
			showEnvVarsInLog = 0;
		};
		E2D425A3B8023080BBC70893 /* [CP] Check Pods Manifest.lock */ = {
			isa = PBXShellScriptBuildPhase;
			buildActionMask = 2147483647;
			files = (
			);
			inputFileListPaths = (
			);
			inputPaths = (
				"${PODS_PODFILE_DIR_PATH}/Podfile.lock",
				"${PODS_ROOT}/Manifest.lock",
			);
			name = "[CP] Check Pods Manifest.lock";
			outputFileListPaths = (
			);
			outputPaths = (
				"$(DERIVED_FILE_DIR)/Pods-Kahve FaliUITests-checkManifestLockResult.txt",
			);
			runOnlyForDeploymentPostprocessing = 0;
			shellPath = /bin/sh;
			shellScript = "diff \"${PODS_PODFILE_DIR_PATH}/Podfile.lock\" \"${PODS_ROOT}/Manifest.lock\" > /dev/null\nif [ $? != 0 ] ; then\n    # print error to STDERR\n    echo \"error: The sandbox is not in sync with the Podfile.lock. Run 'pod install' or update your CocoaPods installation.\" >&2\n    exit 1\nfi\n# This output is used by Xcode 'outputs' to avoid re-running this script phase.\necho \"SUCCESS\" > \"${SCRIPT_OUTPUT_FILE_0}\"\n";
			showEnvVarsInLog = 0;
		};
/* End PBXShellScriptBuildPhase section */

/* Begin PBXSourcesBuildPhase section */
		F189E15B21AE0C6000DC567D /* Sources */ = {
			isa = PBXSourcesBuildPhase;
			buildActionMask = 2147483647;
			files = (
				F189E16721AE0C6000DC567D /* MenuViewController.swift in Sources */,
				F189E16321AE0C6000DC567D /* AppDelegate.swift in Sources */,
				F1D0C01921B05B2000754279 /* ReadOrderDetailCloseTableViewCell.swift in Sources */,
				F189E19921AEE66000DC567D /* SubmitOrderTableViewController.swift in Sources */,
				F189E19721AEDD7500DC567D /* MenuTableViewCell.swift in Sources */,
				F189E16521AE0C6000DC567D /* LoginViewController.swift in Sources */,
				F1D0C01521B05AE500754279 /* ReadOrderDetailTableViewController.swift in Sources */,
				F189E19321AE309E00DC567D /* RegisterViewController.swift in Sources */,
				F189E1A121AEE6FE00DC567D /* SubmitOrder2TableViewCell.swift in Sources */,
				F189E19F21AEE6F400DC567D /* SubmitOrder1TableViewCell.swift in Sources */,
				F189E1A521AEE71300DC567D /* SubmitOrder4TableViewCell.swift in Sources */,
				F189E1A721AEE72000DC567D /* SubmitOrder0TableViewCell.swift in Sources */,
				F1D0C00B21B054AA00754279 /* ReadOrderTableViewController.swift in Sources */,
				F189E1A921AEE90F00DC567D /* Order.swift in Sources */,
				F189E1A321AEE70900DC567D /* SubmitOrder3TableViewCell.swift in Sources */,
				F1D0C00D21B054CA00754279 /* ReadOrderTableViewCell.swift in Sources */,
				F189E19521AE358500DC567D /* SendOrderViewController.swift in Sources */,
				F1D0C01721B05AFD00754279 /* ReadOrderDetailTableViewCell.swift in Sources */,
			);
			runOnlyForDeploymentPostprocessing = 0;
		};
		F189E17121AE0C6100DC567D /* Sources */ = {
			isa = PBXSourcesBuildPhase;
			buildActionMask = 2147483647;
			files = (
				F189E17A21AE0C6100DC567D /* Kahve_FaliTests.swift in Sources */,
			);
			runOnlyForDeploymentPostprocessing = 0;
		};
		F189E17C21AE0C6100DC567D /* Sources */ = {
			isa = PBXSourcesBuildPhase;
			buildActionMask = 2147483647;
			files = (
				F189E18521AE0C6100DC567D /* Kahve_FaliUITests.swift in Sources */,
			);
			runOnlyForDeploymentPostprocessing = 0;
		};
/* End PBXSourcesBuildPhase section */

/* Begin PBXTargetDependency section */
		F189E17721AE0C6100DC567D /* PBXTargetDependency */ = {
			isa = PBXTargetDependency;
			target = F189E15E21AE0C6000DC567D /* Kahve Fali */;
			targetProxy = F189E17621AE0C6100DC567D /* PBXContainerItemProxy */;
		};
		F189E18221AE0C6100DC567D /* PBXTargetDependency */ = {
			isa = PBXTargetDependency;
			target = F189E15E21AE0C6000DC567D /* Kahve Fali */;
			targetProxy = F189E18121AE0C6100DC567D /* PBXContainerItemProxy */;
		};
/* End PBXTargetDependency section */

/* Begin PBXVariantGroup section */
		F189E16821AE0C6000DC567D /* Main.storyboard */ = {
			isa = PBXVariantGroup;
			children = (
				F189E16921AE0C6000DC567D /* Base */,
			);
			name = Main.storyboard;
			sourceTree = "<group>";
		};
		F189E16D21AE0C6100DC567D /* LaunchScreen.storyboard */ = {
			isa = PBXVariantGroup;
			children = (
				F189E16E21AE0C6100DC567D /* Base */,
			);
			name = LaunchScreen.storyboard;
			sourceTree = "<group>";
		};
/* End PBXVariantGroup section */

/* Begin XCBuildConfiguration section */
		F189E18721AE0C6100DC567D /* Debug */ = {
			isa = XCBuildConfiguration;
			buildSettings = {
				ALWAYS_SEARCH_USER_PATHS = NO;
				CLANG_ANALYZER_NONNULL = YES;
				CLANG_ANALYZER_NUMBER_OBJECT_CONVERSION = YES_AGGRESSIVE;
				CLANG_CXX_LANGUAGE_STANDARD = "gnu++14";
				CLANG_CXX_LIBRARY = "libc++";
				CLANG_ENABLE_MODULES = YES;
				CLANG_ENABLE_OBJC_ARC = YES;
				CLANG_ENABLE_OBJC_WEAK = YES;
				CLANG_WARN_BLOCK_CAPTURE_AUTORELEASING = YES;
				CLANG_WARN_BOOL_CONVERSION = YES;
				CLANG_WARN_COMMA = YES;
				CLANG_WARN_CONSTANT_CONVERSION = YES;
				CLANG_WARN_DEPRECATED_OBJC_IMPLEMENTATIONS = YES;
				CLANG_WARN_DIRECT_OBJC_ISA_USAGE = YES_ERROR;
				CLANG_WARN_DOCUMENTATION_COMMENTS = YES;
				CLANG_WARN_EMPTY_BODY = YES;
				CLANG_WARN_ENUM_CONVERSION = YES;
				CLANG_WARN_INFINITE_RECURSION = YES;
				CLANG_WARN_INT_CONVERSION = YES;
				CLANG_WARN_NON_LITERAL_NULL_CONVERSION = YES;
				CLANG_WARN_OBJC_IMPLICIT_RETAIN_SELF = YES;
				CLANG_WARN_OBJC_LITERAL_CONVERSION = YES;
				CLANG_WARN_OBJC_ROOT_CLASS = YES_ERROR;
				CLANG_WARN_RANGE_LOOP_ANALYSIS = YES;
				CLANG_WARN_STRICT_PROTOTYPES = YES;
				CLANG_WARN_SUSPICIOUS_MOVE = YES;
				CLANG_WARN_UNGUARDED_AVAILABILITY = YES_AGGRESSIVE;
				CLANG_WARN_UNREACHABLE_CODE = YES;
				CLANG_WARN__DUPLICATE_METHOD_MATCH = YES;
				CODE_SIGN_IDENTITY = "iPhone Developer";
				COPY_PHASE_STRIP = NO;
				DEBUG_INFORMATION_FORMAT = dwarf;
				ENABLE_STRICT_OBJC_MSGSEND = YES;
				ENABLE_TESTABILITY = YES;
				GCC_C_LANGUAGE_STANDARD = gnu11;
				GCC_DYNAMIC_NO_PIC = NO;
				GCC_NO_COMMON_BLOCKS = YES;
				GCC_OPTIMIZATION_LEVEL = 0;
				GCC_PREPROCESSOR_DEFINITIONS = (
					"DEBUG=1",
					"$(inherited)",
				);
				GCC_WARN_64_TO_32_BIT_CONVERSION = YES;
				GCC_WARN_ABOUT_RETURN_TYPE = YES_ERROR;
				GCC_WARN_UNDECLARED_SELECTOR = YES;
				GCC_WARN_UNINITIALIZED_AUTOS = YES_AGGRESSIVE;
				GCC_WARN_UNUSED_FUNCTION = YES;
				GCC_WARN_UNUSED_VARIABLE = YES;
				IPHONEOS_DEPLOYMENT_TARGET = 12.0;
				MTL_ENABLE_DEBUG_INFO = INCLUDE_SOURCE;
				MTL_FAST_MATH = YES;
				ONLY_ACTIVE_ARCH = YES;
				SDKROOT = iphoneos;
				SWIFT_ACTIVE_COMPILATION_CONDITIONS = DEBUG;
				SWIFT_OPTIMIZATION_LEVEL = "-Onone";
			};
			name = Debug;
		};
		F189E18821AE0C6100DC567D /* Release */ = {
			isa = XCBuildConfiguration;
			buildSettings = {
				ALWAYS_SEARCH_USER_PATHS = NO;
				CLANG_ANALYZER_NONNULL = YES;
				CLANG_ANALYZER_NUMBER_OBJECT_CONVERSION = YES_AGGRESSIVE;
				CLANG_CXX_LANGUAGE_STANDARD = "gnu++14";
				CLANG_CXX_LIBRARY = "libc++";
				CLANG_ENABLE_MODULES = YES;
				CLANG_ENABLE_OBJC_ARC = YES;
				CLANG_ENABLE_OBJC_WEAK = YES;
				CLANG_WARN_BLOCK_CAPTURE_AUTORELEASING = YES;
				CLANG_WARN_BOOL_CONVERSION = YES;
				CLANG_WARN_COMMA = YES;
				CLANG_WARN_CONSTANT_CONVERSION = YES;
				CLANG_WARN_DEPRECATED_OBJC_IMPLEMENTATIONS = YES;
				CLANG_WARN_DIRECT_OBJC_ISA_USAGE = YES_ERROR;
				CLANG_WARN_DOCUMENTATION_COMMENTS = YES;
				CLANG_WARN_EMPTY_BODY = YES;
				CLANG_WARN_ENUM_CONVERSION = YES;
				CLANG_WARN_INFINITE_RECURSION = YES;
				CLANG_WARN_INT_CONVERSION = YES;
				CLANG_WARN_NON_LITERAL_NULL_CONVERSION = YES;
				CLANG_WARN_OBJC_IMPLICIT_RETAIN_SELF = YES;
				CLANG_WARN_OBJC_LITERAL_CONVERSION = YES;
				CLANG_WARN_OBJC_ROOT_CLASS = YES_ERROR;
				CLANG_WARN_RANGE_LOOP_ANALYSIS = YES;
				CLANG_WARN_STRICT_PROTOTYPES = YES;
				CLANG_WARN_SUSPICIOUS_MOVE = YES;
				CLANG_WARN_UNGUARDED_AVAILABILITY = YES_AGGRESSIVE;
				CLANG_WARN_UNREACHABLE_CODE = YES;
				CLANG_WARN__DUPLICATE_METHOD_MATCH = YES;
				CODE_SIGN_IDENTITY = "iPhone Developer";
				COPY_PHASE_STRIP = NO;
				DEBUG_INFORMATION_FORMAT = "dwarf-with-dsym";
				ENABLE_NS_ASSERTIONS = NO;
				ENABLE_STRICT_OBJC_MSGSEND = YES;
				GCC_C_LANGUAGE_STANDARD = gnu11;
				GCC_NO_COMMON_BLOCKS = YES;
				GCC_WARN_64_TO_32_BIT_CONVERSION = YES;
				GCC_WARN_ABOUT_RETURN_TYPE = YES_ERROR;
				GCC_WARN_UNDECLARED_SELECTOR = YES;
				GCC_WARN_UNINITIALIZED_AUTOS = YES_AGGRESSIVE;
				GCC_WARN_UNUSED_FUNCTION = YES;
				GCC_WARN_UNUSED_VARIABLE = YES;
				IPHONEOS_DEPLOYMENT_TARGET = 12.0;
				MTL_ENABLE_DEBUG_INFO = NO;
				MTL_FAST_MATH = YES;
				SDKROOT = iphoneos;
				SWIFT_COMPILATION_MODE = wholemodule;
				SWIFT_OPTIMIZATION_LEVEL = "-O";
				VALIDATE_PRODUCT = YES;
			};
			name = Release;
		};
		F189E18A21AE0C6100DC567D /* Debug */ = {
			isa = XCBuildConfiguration;
			baseConfigurationReference = 33E68B82FFC97565DCC17219 /* Pods-Kahve Fali.debug.xcconfig */;
			buildSettings = {
				ALWAYS_EMBED_SWIFT_STANDARD_LIBRARIES = YES;
				ASSETCATALOG_COMPILER_APPICON_NAME = AppIcon;
				CODE_SIGN_ENTITLEMENTS = "Kahve Fali/Kahve Fali.entitlements";
				CODE_SIGN_STYLE = Automatic;
				DEVELOPMENT_TEAM = LN8985X3SJ;
				INFOPLIST_FILE = "Kahve Fali/Info.plist";
				LD_RUNPATH_SEARCH_PATHS = (
					"$(inherited)",
					"@executable_path/Frameworks",
				);
				OTHER_LDFLAGS = (
					"$(inherited)",
					"-framework",
					"\"Bolts\"",
					"-framework",
					"\"FBSDKCoreKit\"",
					"-framework",
					"\"FBSDKLoginKit\"",
					"-framework",
					"\"MBProgressHUD\"",
					"-framework",
					"\"Parse\"",
					"-framework",
					"\"SCLAlertView\"",
					"-ObjC",
				);
				PRODUCT_BUNDLE_IDENTIFIER = "com.yasarcan.Kahve-Fali";
				PRODUCT_NAME = "$(TARGET_NAME)";
				SWIFT_VERSION = 4.2;
				TARGETED_DEVICE_FAMILY = "1,2";
			};
			name = Debug;
		};
		F189E18B21AE0C6100DC567D /* Release */ = {
			isa = XCBuildConfiguration;
			baseConfigurationReference = DC2078FE4C86AA5FD697B428 /* Pods-Kahve Fali.release.xcconfig */;
			buildSettings = {
				ALWAYS_EMBED_SWIFT_STANDARD_LIBRARIES = YES;
				ASSETCATALOG_COMPILER_APPICON_NAME = AppIcon;
				CODE_SIGN_ENTITLEMENTS = "Kahve Fali/Kahve Fali.entitlements";
				CODE_SIGN_STYLE = Automatic;
				DEVELOPMENT_TEAM = LN8985X3SJ;
				INFOPLIST_FILE = "Kahve Fali/Info.plist";
				LD_RUNPATH_SEARCH_PATHS = (
					"$(inherited)",
					"@executable_path/Frameworks",
				);
				OTHER_LDFLAGS = (
					"$(inherited)",
					"-framework",
					"\"Bolts\"",
					"-framework",
					"\"FBSDKCoreKit\"",
					"-framework",
					"\"FBSDKLoginKit\"",
					"-framework",
					"\"MBProgressHUD\"",
					"-framework",
					"\"Parse\"",
					"-framework",
					"\"SCLAlertView\"",
					"-ObjC",
				);
				PRODUCT_BUNDLE_IDENTIFIER = "com.yasarcan.Kahve-Fali";
				PRODUCT_NAME = "$(TARGET_NAME)";
				SWIFT_VERSION = 4.2;
				TARGETED_DEVICE_FAMILY = "1,2";
			};
			name = Release;
		};
		F189E18D21AE0C6100DC567D /* Debug */ = {
			isa = XCBuildConfiguration;
			baseConfigurationReference = 2343D9AC837C44B5686D66E4 /* Pods-Kahve FaliTests.debug.xcconfig */;
			buildSettings = {
				ALWAYS_EMBED_SWIFT_STANDARD_LIBRARIES = YES;
				BUNDLE_LOADER = "$(TEST_HOST)";
				CODE_SIGN_STYLE = Automatic;
				DEVELOPMENT_TEAM = LN8985X3SJ;
				INFOPLIST_FILE = "Kahve FaliTests/Info.plist";
				LD_RUNPATH_SEARCH_PATHS = (
					"$(inherited)",
					"@executable_path/Frameworks",
					"@loader_path/Frameworks",
				);
				PRODUCT_BUNDLE_IDENTIFIER = "com.yasarcan.Kahve-FaliTests";
				PRODUCT_NAME = "$(TARGET_NAME)";
				SWIFT_VERSION = 4.2;
				TARGETED_DEVICE_FAMILY = "1,2";
				TEST_HOST = "$(BUILT_PRODUCTS_DIR)/Kahve Fali.app/Kahve Fali";
			};
			name = Debug;
		};
		F189E18E21AE0C6100DC567D /* Release */ = {
			isa = XCBuildConfiguration;
			baseConfigurationReference = CB0CD811E23E5A940FB0AA71 /* Pods-Kahve FaliTests.release.xcconfig */;
			buildSettings = {
				ALWAYS_EMBED_SWIFT_STANDARD_LIBRARIES = YES;
				BUNDLE_LOADER = "$(TEST_HOST)";
				CODE_SIGN_STYLE = Automatic;
				DEVELOPMENT_TEAM = LN8985X3SJ;
				INFOPLIST_FILE = "Kahve FaliTests/Info.plist";
				LD_RUNPATH_SEARCH_PATHS = (
					"$(inherited)",
					"@executable_path/Frameworks",
					"@loader_path/Frameworks",
				);
				PRODUCT_BUNDLE_IDENTIFIER = "com.yasarcan.Kahve-FaliTests";
				PRODUCT_NAME = "$(TARGET_NAME)";
				SWIFT_VERSION = 4.2;
				TARGETED_DEVICE_FAMILY = "1,2";
				TEST_HOST = "$(BUILT_PRODUCTS_DIR)/Kahve Fali.app/Kahve Fali";
			};
			name = Release;
		};
		F189E19021AE0C6100DC567D /* Debug */ = {
			isa = XCBuildConfiguration;
			baseConfigurationReference = 96F274933932E857892361B3 /* Pods-Kahve FaliUITests.debug.xcconfig */;
			buildSettings = {
				ALWAYS_EMBED_SWIFT_STANDARD_LIBRARIES = YES;
				CODE_SIGN_STYLE = Automatic;
				DEVELOPMENT_TEAM = LN8985X3SJ;
				INFOPLIST_FILE = "Kahve FaliUITests/Info.plist";
				LD_RUNPATH_SEARCH_PATHS = (
					"$(inherited)",
					"@executable_path/Frameworks",
					"@loader_path/Frameworks",
				);
				PRODUCT_BUNDLE_IDENTIFIER = "com.yasarcan.Kahve-FaliUITests";
				PRODUCT_NAME = "$(TARGET_NAME)";
				SWIFT_VERSION = 4.2;
				TARGETED_DEVICE_FAMILY = "1,2";
				TEST_TARGET_NAME = "Kahve Fali";
			};
			name = Debug;
		};
		F189E19121AE0C6100DC567D /* Release */ = {
			isa = XCBuildConfiguration;
			baseConfigurationReference = 272D4F47BF61DBC182A33FD2 /* Pods-Kahve FaliUITests.release.xcconfig */;
			buildSettings = {
				ALWAYS_EMBED_SWIFT_STANDARD_LIBRARIES = YES;
				CODE_SIGN_STYLE = Automatic;
				DEVELOPMENT_TEAM = LN8985X3SJ;
				INFOPLIST_FILE = "Kahve FaliUITests/Info.plist";
				LD_RUNPATH_SEARCH_PATHS = (
					"$(inherited)",
					"@executable_path/Frameworks",
					"@loader_path/Frameworks",
				);
				PRODUCT_BUNDLE_IDENTIFIER = "com.yasarcan.Kahve-FaliUITests";
				PRODUCT_NAME = "$(TARGET_NAME)";
				SWIFT_VERSION = 4.2;
				TARGETED_DEVICE_FAMILY = "1,2";
				TEST_TARGET_NAME = "Kahve Fali";
			};
			name = Release;
		};
/* End XCBuildConfiguration section */

/* Begin XCConfigurationList section */
		F189E15A21AE0C6000DC567D /* Build configuration list for PBXProject "Kahve Fali" */ = {
			isa = XCConfigurationList;
			buildConfigurations = (
				F189E18721AE0C6100DC567D /* Debug */,
				F189E18821AE0C6100DC567D /* Release */,
			);
			defaultConfigurationIsVisible = 0;
			defaultConfigurationName = Release;
		};
		F189E18921AE0C6100DC567D /* Build configuration list for PBXNativeTarget "Kahve Fali" */ = {
			isa = XCConfigurationList;
			buildConfigurations = (
				F189E18A21AE0C6100DC567D /* Debug */,
				F189E18B21AE0C6100DC567D /* Release */,
			);
			defaultConfigurationIsVisible = 0;
			defaultConfigurationName = Release;
		};
		F189E18C21AE0C6100DC567D /* Build configuration list for PBXNativeTarget "Kahve FaliTests" */ = {
			isa = XCConfigurationList;
			buildConfigurations = (
				F189E18D21AE0C6100DC567D /* Debug */,
				F189E18E21AE0C6100DC567D /* Release */,
			);
			defaultConfigurationIsVisible = 0;
			defaultConfigurationName = Release;
		};
		F189E18F21AE0C6100DC567D /* Build configuration list for PBXNativeTarget "Kahve FaliUITests" */ = {
			isa = XCConfigurationList;
			buildConfigurations = (
				F189E19021AE0C6100DC567D /* Debug */,
				F189E19121AE0C6100DC567D /* Release */,
			);
			defaultConfigurationIsVisible = 0;
			defaultConfigurationName = Release;
		};
/* End XCConfigurationList section */
	};
	rootObject = F189E15721AE0C6000DC567D /* Project object */;
}
